
Microsoft Visual Studio Solution File, Format Version 12.00
# Visual Studio 15
VisualStudioVersion = 15.0.28307.489
MinimumVisualStudioVersion = 10.0.40219.1
Project("{FAE04EC0-301F-11D3-BF4B-00C04F79EFBC}") = "FeaturesExtraction", "FeaturesExtraction\FeaturesExtraction.csproj", "{C642850E-17B3-4EE4-A720-014A5050540E}"
EndProject
Global
	GlobalSection(SolutionConfigurationPlatforms) = preSolution
		Debug|Any CPU = Debug|Any CPU
		Release|Any CPU = Release|Any CPU
	EndGlobalSection
	GlobalSection(ProjectConfigurationPlatforms) = postSolution
		{C642850E-17B3-4EE4-A720-014A5050540E}.Debug|Any CPU.ActiveCfg = Debug|Any CPU
		{C642850E-17B3-4EE4-A720-014A5050540E}.Debug|Any CPU.Build.0 = Debug|Any CPU
		{C642850E-17B3-4EE4-A720-014A5050540E}.Release|Any CPU.ActiveCfg = Release|Any CPU
		{C642850E-17B3-4EE4-A720-014A5050540E}.Release|Any CPU.Build.0 = Release|Any CPU
	EndGlobalSection
	GlobalSection(SolutionProperties) = preSolution
		HideSolutionNode = FALSE
	EndGlobalSection
	GlobalSection(ExtensibilityGlobals) = postSolution
		SolutionGuid = {285564EB-B789-4C44-9CCB-CE8014501668}
	EndGlobalSection
EndGlobal
